
Microsoft Visual Studio Solution File, Format Version 12.00
# Visual Studio Version 17
VisualStudioVersion = 17.2.32630.192
MinimumVisualStudioVersion = 10.0.40219.1
Project("{FAE04EC0-301F-11D3-BF4B-00C04F79EFBC}") = "DBGenerator", "DBGenerator\DBGenerator.csproj", "{A409B371-3A54-49A9-ADB6-9EF18C9D1EEE}"
EndProject
Project("{FAE04EC0-301F-11D3-BF4B-00C04F79EFBC}") = "ImageLib", "ImageLib\ImageLib.csproj", "{E1CC2B98-2635-49A3-B817-647493039F57}"
EndProject
Global
	GlobalSection(SolutionConfigurationPlatforms) = preSolution
		Debug|Any CPU = Debug|Any CPU
		Release|Any CPU = Release|Any CPU
	EndGlobalSection
	GlobalSection(ProjectConfigurationPlatforms) = postSolution
		{A409B371-3A54-49A9-ADB6-9EF18C9D1EEE}.Debug|Any CPU.ActiveCfg = Debug|Any CPU
		{A409B371-3A54-49A9-ADB6-9EF18C9D1EEE}.Debug|Any CPU.Build.0 = Debug|Any CPU
		{A409B371-3A54-49A9-ADB6-9EF18C9D1EEE}.Release|Any CPU.ActiveCfg = Release|Any CPU
		{A409B371-3A54-49A9-ADB6-9EF18C9D1EEE}.Release|Any CPU.Build.0 = Release|Any CPU
		{E1CC2B98-2635-49A3-B817-647493039F57}.Debug|Any CPU.ActiveCfg = Debug|Any CPU
		{E1CC2B98-2635-49A3-B817-647493039F57}.Debug|Any CPU.Build.0 = Debug|Any CPU
		{E1CC2B98-2635-49A3-B817-647493039F57}.Release|Any CPU.ActiveCfg = Release|Any CPU
		{E1CC2B98-2635-49A3-B817-647493039F57}.Release|Any CPU.Build.0 = Release|Any CPU
	EndGlobalSection
	GlobalSection(SolutionProperties) = preSolution
		HideSolutionNode = FALSE
	EndGlobalSection
	GlobalSection(ExtensibilityGlobals) = postSolution
		SolutionGuid = {7B913ED6-2919-4406-AFA5-0FE4414B6260}
	EndGlobalSection
EndGlobal
